
Microsoft Visual Studio Solution File, Format Version 12.00
# Visual Studio Version 17
VisualStudioVersion = 17.4.33205.214
MinimumVisualStudioVersion = 10.0.40219.1
Project("{8BC9CEB8-8B4A-11D0-8D11-00A0C91BC942}") = "WinSockServer", "WinSockServer\WinSockServer.vcxproj", "{739BD64B-2D42-44CB-957B-043A2FFB2D1E}"
EndProject
Project("{8BC9CEB8-8B4A-11D0-8D11-00A0C91BC942}") = "WinSockClient", "WinSockClient\WinSockClient.vcxproj", "{7A5AA88A-E249-4528-8A95-9699FC4874FA}"
EndProject
Project("{8BC9CEB8-8B4A-11D0-8D11-00A0C91BC942}") = "Common", "Common\Common.vcxproj", "{F2A12435-26FE-4F80-A09D-E2692D678C36}"
EndProject
Project("{8BC9CEB8-8B4A-11D0-8D11-00A0C91BC942}") = "ProducerConsumer", "ProducerConsumer\ProducerConsumer.vcxproj", "{AB4F186D-F8B9-4778-B443-597185745897}"
EndProject
Project("{8BC9CEB8-8B4A-11D0-8D11-00A0C91BC942}") = "StressTest", "StressTest\StressTest.vcxproj", "{AE363CDE-03D9-43D4-91E4-99668FBDFCF9}"
EndProject
Global
	GlobalSection(SolutionConfigurationPlatforms) = preSolution
		Debug|x64 = Debug|x64
		Debug|x86 = Debug|x86
		Release|x64 = Release|x64
		Release|x86 = Release|x86
	EndGlobalSection
	GlobalSection(ProjectConfigurationPlatforms) = postSolution
		{739BD64B-2D42-44CB-957B-043A2FFB2D1E}.Debug|x64.ActiveCfg = Debug|x64
		{739BD64B-2D42-44CB-957B-043A2FFB2D1E}.Debug|x64.Build.0 = Debug|x64
		{739BD64B-2D42-44CB-957B-043A2FFB2D1E}.Debug|x86.ActiveCfg = Debug|Win32
		{739BD64B-2D42-44CB-957B-043A2FFB2D1E}.Debug|x86.Build.0 = Debug|Win32
		{739BD64B-2D42-44CB-957B-043A2FFB2D1E}.Release|x64.ActiveCfg = Release|x64
		{739BD64B-2D42-44CB-957B-043A2FFB2D1E}.Release|x64.Build.0 = Release|x64
		{739BD64B-2D42-44CB-957B-043A2FFB2D1E}.Release|x86.ActiveCfg = Release|Win32
		{739BD64B-2D42-44CB-957B-043A2FFB2D1E}.Release|x86.Build.0 = Release|Win32
		{7A5AA88A-E249-4528-8A95-9699FC4874FA}.Debug|x64.ActiveCfg = Debug|x64
		{7A5AA88A-E249-4528-8A95-9699FC4874FA}.Debug|x64.Build.0 = Debug|x64
		{7A5AA88A-E249-4528-8A95-9699FC4874FA}.Debug|x86.ActiveCfg = Debug|Win32
		{7A5AA88A-E249-4528-8A95-9699FC4874FA}.Debug|x86.Build.0 = Debug|Win32
		{7A5AA88A-E249-4528-8A95-9699FC4874FA}.Release|x64.ActiveCfg = Release|x64
		{7A5AA88A-E249-4528-8A95-9699FC4874FA}.Release|x64.Build.0 = Release|x64
		{7A5AA88A-E249-4528-8A95-9699FC4874FA}.Release|x86.ActiveCfg = Release|Win32
		{7A5AA88A-E249-4528-8A95-9699FC4874FA}.Release|x86.Build.0 = Release|Win32
		{F2A12435-26FE-4F80-A09D-E2692D678C36}.Debug|x64.ActiveCfg = Debug|x64
		{F2A12435-26FE-4F80-A09D-E2692D678C36}.Debug|x64.Build.0 = Debug|x64
		{F2A12435-26FE-4F80-A09D-E2692D678C36}.Debug|x86.ActiveCfg = Debug|Win32
		{F2A12435-26FE-4F80-A09D-E2692D678C36}.Debug|x86.Build.0 = Debug|Win32
		{F2A12435-26FE-4F80-A09D-E2692D678C36}.Release|x64.ActiveCfg = Release|x64
		{F2A12435-26FE-4F80-A09D-E2692D678C36}.Release|x64.Build.0 = Release|x64
		{F2A12435-26FE-4F80-A09D-E2692D678C36}.Release|x86.ActiveCfg = Release|Win32
		{F2A12435-26FE-4F80-A09D-E2692D678C36}.Release|x86.Build.0 = Release|Win32
		{AB4F186D-F8B9-4778-B443-597185745897}.Debug|x64.ActiveCfg = Debug|x64
		{AB4F186D-F8B9-4778-B443-597185745897}.Debug|x64.Build.0 = Debug|x64
		{AB4F186D-F8B9-4778-B443-597185745897}.Debug|x86.ActiveCfg = Debug|Win32
		{AB4F186D-F8B9-4778-B443-597185745897}.Debug|x86.Build.0 = Debug|Win32
		{AB4F186D-F8B9-4778-B443-597185745897}.Release|x64.ActiveCfg = Release|x64
		{AB4F186D-F8B9-4778-B443-597185745897}.Release|x64.Build.0 = Release|x64
		{AB4F186D-F8B9-4778-B443-597185745897}.Release|x86.ActiveCfg = Release|Win32
		{AB4F186D-F8B9-4778-B443-597185745897}.Release|x86.Build.0 = Release|Win32
		{AE363CDE-03D9-43D4-91E4-99668FBDFCF9}.Debug|x64.ActiveCfg = Debug|x64
		{AE363CDE-03D9-43D4-91E4-99668FBDFCF9}.Debug|x64.Build.0 = Debug|x64
		{AE363CDE-03D9-43D4-91E4-99668FBDFCF9}.Debug|x86.ActiveCfg = Debug|Win32
		{AE363CDE-03D9-43D4-91E4-99668FBDFCF9}.Debug|x86.Build.0 = Debug|Win32
		{AE363CDE-03D9-43D4-91E4-99668FBDFCF9}.Release|x64.ActiveCfg = Release|x64
		{AE363CDE-03D9-43D4-91E4-99668FBDFCF9}.Release|x64.Build.0 = Release|x64
		{AE363CDE-03D9-43D4-91E4-99668FBDFCF9}.Release|x86.ActiveCfg = Release|Win32
		{AE363CDE-03D9-43D4-91E4-99668FBDFCF9}.Release|x86.Build.0 = Release|Win32
	EndGlobalSection
	GlobalSection(SolutionProperties) = preSolution
		HideSolutionNode = FALSE
	EndGlobalSection
	GlobalSection(ExtensibilityGlobals) = postSolution
		SolutionGuid = {E0D5128A-75DE-480E-A481-A50576DD5A9C}
	EndGlobalSection
EndGlobal
